
Microsoft Visual Studio Solution File, Format Version 12.00
# Visual Studio Version 17
VisualStudioVersion = 17.6.33723.286
MinimumVisualStudioVersion = 10.0.40219.1
Project("{9A19103F-16F7-4668-BE54-9A1E7A4F7556}") = "GenericFanSite", "GenericFanSite.csproj", "{21988C26-52E6-4F9A-87D0-67FC066FA6D0}"
EndProject
Project("{9A19103F-16F7-4668-BE54-9A1E7A4F7556}") = "FanSiteTests", "..\TestProject1\FanSiteTests.csproj", "{BE2D9A82-4821-4253-9ADE-9C4C010BEE4C}"
EndProject
Global
	GlobalSection(SolutionConfigurationPlatforms) = preSolution
		Debug|Any CPU = Debug|Any CPU
		Release|Any CPU = Release|Any CPU
	EndGlobalSection
	GlobalSection(ProjectConfigurationPlatforms) = postSolution
		{21988C26-52E6-4F9A-87D0-67FC066FA6D0}.Debug|Any CPU.ActiveCfg = Debug|Any CPU
		{21988C26-52E6-4F9A-87D0-67FC066FA6D0}.Debug|Any CPU.Build.0 = Debug|Any CPU
		{21988C26-52E6-4F9A-87D0-67FC066FA6D0}.Release|Any CPU.ActiveCfg = Release|Any CPU
		{21988C26-52E6-4F9A-87D0-67FC066FA6D0}.Release|Any CPU.Build.0 = Release|Any CPU
		{BE2D9A82-4821-4253-9ADE-9C4C010BEE4C}.Debug|Any CPU.ActiveCfg = Debug|Any CPU
		{BE2D9A82-4821-4253-9ADE-9C4C010BEE4C}.Debug|Any CPU.Build.0 = Debug|Any CPU
		{BE2D9A82-4821-4253-9ADE-9C4C010BEE4C}.Release|Any CPU.ActiveCfg = Release|Any CPU
		{BE2D9A82-4821-4253-9ADE-9C4C010BEE4C}.Release|Any CPU.Build.0 = Release|Any CPU
	EndGlobalSection
	GlobalSection(SolutionProperties) = preSolution
		HideSolutionNode = FALSE
	EndGlobalSection
	GlobalSection(ExtensibilityGlobals) = postSolution
		SolutionGuid = {59976798-3FA7-4A28-8C2D-AC22B9216C08}
	EndGlobalSection
EndGlobal
